
Microsoft Visual Studio Solution File, Format Version 12.00
# Visual Studio Version 16
VisualStudioVersion = 16.0.31205.134
MinimumVisualStudioVersion = 10.0.40219.1
Project("{9A19103F-16F7-4668-BE54-9A1E7A4F7556}") = "DynamicAssemblyLoad", "DynamicAssemblyLoad\DynamicAssemblyLoad.csproj", "{5F84041E-55CE-4CE4-BE3E-FBA3DD5B596A}"
EndProject
Project("{FAE04EC0-301F-11D3-BF4B-00C04F79EFBC}") = "OtherAssembly", "OtherAssembly\OtherAssembly.csproj", "{5F4D7063-5E6B-43F3-BACD-B3173252F214}"
EndProject
Project("{FAE04EC0-301F-11D3-BF4B-00C04F79EFBC}") = "LateBinding", "LateBinding\LateBinding.csproj", "{48BFAEEB-02F2-41D6-81FE-1D33011D71CF}"
EndProject
Global
	GlobalSection(SolutionConfigurationPlatforms) = preSolution
		Debug|Any CPU = Debug|Any CPU
		Release|Any CPU = Release|Any CPU
	EndGlobalSection
	GlobalSection(ProjectConfigurationPlatforms) = postSolution
		{5F84041E-55CE-4CE4-BE3E-FBA3DD5B596A}.Debug|Any CPU.ActiveCfg = Debug|Any CPU
		{5F84041E-55CE-4CE4-BE3E-FBA3DD5B596A}.Debug|Any CPU.Build.0 = Debug|Any CPU
		{5F84041E-55CE-4CE4-BE3E-FBA3DD5B596A}.Release|Any CPU.ActiveCfg = Release|Any CPU
		{5F84041E-55CE-4CE4-BE3E-FBA3DD5B596A}.Release|Any CPU.Build.0 = Release|Any CPU
		{5F4D7063-5E6B-43F3-BACD-B3173252F214}.Debug|Any CPU.ActiveCfg = Debug|Any CPU
		{5F4D7063-5E6B-43F3-BACD-B3173252F214}.Debug|Any CPU.Build.0 = Debug|Any CPU
		{5F4D7063-5E6B-43F3-BACD-B3173252F214}.Release|Any CPU.ActiveCfg = Release|Any CPU
		{5F4D7063-5E6B-43F3-BACD-B3173252F214}.Release|Any CPU.Build.0 = Release|Any CPU
		{48BFAEEB-02F2-41D6-81FE-1D33011D71CF}.Debug|Any CPU.ActiveCfg = Debug|Any CPU
		{48BFAEEB-02F2-41D6-81FE-1D33011D71CF}.Debug|Any CPU.Build.0 = Debug|Any CPU
		{48BFAEEB-02F2-41D6-81FE-1D33011D71CF}.Release|Any CPU.ActiveCfg = Release|Any CPU
		{48BFAEEB-02F2-41D6-81FE-1D33011D71CF}.Release|Any CPU.Build.0 = Release|Any CPU
	EndGlobalSection
	GlobalSection(SolutionProperties) = preSolution
		HideSolutionNode = FALSE
	EndGlobalSection
	GlobalSection(ExtensibilityGlobals) = postSolution
		SolutionGuid = {239E24C1-6FD6-4EBE-89BD-E9A6DA6776D0}
	EndGlobalSection
EndGlobal
